
Microsoft Visual Studio Solution File, Format Version 12.00
# Visual Studio Version 16
VisualStudioVersion = 16.0.29009.5
MinimumVisualStudioVersion = 10.0.40219.1
Project("{FAE04EC0-301F-11D3-BF4B-00C04F79EFBC}") = "LabSheet3 Week4", "LabSheet3 Week4\LabSheet3 Week4.csproj", "{498DCE90-9776-4115-84E6-F23DF0B50846}"
EndProject
Global
	GlobalSection(SolutionConfigurationPlatforms) = preSolution
		Debug|Any CPU = Debug|Any CPU
		Release|Any CPU = Release|Any CPU
	EndGlobalSection
	GlobalSection(ProjectConfigurationPlatforms) = postSolution
		{498DCE90-9776-4115-84E6-F23DF0B50846}.Debug|Any CPU.ActiveCfg = Debug|Any CPU
		{498DCE90-9776-4115-84E6-F23DF0B50846}.Debug|Any CPU.Build.0 = Debug|Any CPU
		{498DCE90-9776-4115-84E6-F23DF0B50846}.Release|Any CPU.ActiveCfg = Release|Any CPU
		{498DCE90-9776-4115-84E6-F23DF0B50846}.Release|Any CPU.Build.0 = Release|Any CPU
	EndGlobalSection
	GlobalSection(SolutionProperties) = preSolution
		HideSolutionNode = FALSE
	EndGlobalSection
	GlobalSection(ExtensibilityGlobals) = postSolution
		SolutionGuid = {5DE82AEB-A6B8-4C75-AD11-132199401C8B}
	EndGlobalSection
EndGlobal
